
Microsoft Visual Studio Solution File, Format Version 12.00
# Visual Studio Version 16
VisualStudioVersion = 16.0.29409.12
MinimumVisualStudioVersion = 10.0.40219.1
Project("{9A19103F-16F7-4668-BE54-9A1E7A4F7556}") = "TopCoderStarterApp", "TopCoderStarterApp.csproj", "{DEDAD148-1DCB-4037-8A73-C0A0D9DF39FE}"
EndProject
Global
	GlobalSection(SolutionConfigurationPlatforms) = preSolution
		Debug|Any CPU = Debug|Any CPU
		Release|Any CPU = Release|Any CPU
	EndGlobalSection
	GlobalSection(ProjectConfigurationPlatforms) = postSolution
		{DEDAD148-1DCB-4037-8A73-C0A0D9DF39FE}.Debug|Any CPU.ActiveCfg = Debug|Any CPU
		{DEDAD148-1DCB-4037-8A73-C0A0D9DF39FE}.Debug|Any CPU.Build.0 = Debug|Any CPU
		{DEDAD148-1DCB-4037-8A73-C0A0D9DF39FE}.Release|Any CPU.ActiveCfg = Release|Any CPU
		{DEDAD148-1DCB-4037-8A73-C0A0D9DF39FE}.Release|Any CPU.Build.0 = Release|Any CPU
	EndGlobalSection
	GlobalSection(SolutionProperties) = preSolution
		HideSolutionNode = FALSE
	EndGlobalSection
	GlobalSection(ExtensibilityGlobals) = postSolution
		SolutionGuid = {D04FF92B-5FFF-48A6-9D81-092827A7B4A2}
	EndGlobalSection
EndGlobal
